
Microsoft Visual Studio Solution File, Format Version 12.00
# Visual Studio 15
VisualStudioVersion = 15.0.28010.2050
MinimumVisualStudioVersion = 10.0.40219.1
Project("{FAE04EC0-301F-11D3-BF4B-00C04F79EFBC}") = "HackerRank", "HackerRank\HackerRank.csproj", "{B902B1AA-088D-4AFD-938F-07BF58FAB317}"
EndProject
Project("{FAE04EC0-301F-11D3-BF4B-00C04F79EFBC}") = "HackerRank.Tests", "HackerRank.Tests\HackerRank.Tests.csproj", "{082F84DB-7203-49B1-994F-965296053DCB}"
EndProject
Global
	GlobalSection(SolutionConfigurationPlatforms) = preSolution
		Debug|Any CPU = Debug|Any CPU
		Release|Any CPU = Release|Any CPU
	EndGlobalSection
	GlobalSection(ProjectConfigurationPlatforms) = postSolution
		{B902B1AA-088D-4AFD-938F-07BF58FAB317}.Debug|Any CPU.ActiveCfg = Debug|Any CPU
		{B902B1AA-088D-4AFD-938F-07BF58FAB317}.Debug|Any CPU.Build.0 = Debug|Any CPU
		{B902B1AA-088D-4AFD-938F-07BF58FAB317}.Release|Any CPU.ActiveCfg = Release|Any CPU
		{B902B1AA-088D-4AFD-938F-07BF58FAB317}.Release|Any CPU.Build.0 = Release|Any CPU
		{082F84DB-7203-49B1-994F-965296053DCB}.Debug|Any CPU.ActiveCfg = Debug|Any CPU
		{082F84DB-7203-49B1-994F-965296053DCB}.Debug|Any CPU.Build.0 = Debug|Any CPU
		{082F84DB-7203-49B1-994F-965296053DCB}.Release|Any CPU.ActiveCfg = Release|Any CPU
		{082F84DB-7203-49B1-994F-965296053DCB}.Release|Any CPU.Build.0 = Release|Any CPU
	EndGlobalSection
	GlobalSection(SolutionProperties) = preSolution
		HideSolutionNode = FALSE
	EndGlobalSection
	GlobalSection(ExtensibilityGlobals) = postSolution
		SolutionGuid = {076C452E-534D-4DA3-BF91-2A7FA4B4D230}
	EndGlobalSection
EndGlobal
